
Microsoft Visual Studio Solution File, Format Version 12.00
# Visual Studio Version 17
VisualStudioVersion = 17.5.33530.505
MinimumVisualStudioVersion = 10.0.40219.1
Project("{9A19103F-16F7-4668-BE54-9A1E7A4F7556}") = "Knapsack", "Knapsack\Knapsack.csproj", "{DFA3893D-8ECA-40BF-8458-A112906F9934}"
EndProject
Project("{FAE04EC0-301F-11D3-BF4B-00C04F79EFBC}") = "TestProject1", "TestProject1\TestProject1.csproj", "{013839B2-C829-4F30-BD37-D2A26DB75EDA}"
EndProject
Global
	GlobalSection(SolutionConfigurationPlatforms) = preSolution
		Debug|Any CPU = Debug|Any CPU
		Release|Any CPU = Release|Any CPU
	EndGlobalSection
	GlobalSection(ProjectConfigurationPlatforms) = postSolution
		{DFA3893D-8ECA-40BF-8458-A112906F9934}.Debug|Any CPU.ActiveCfg = Debug|Any CPU
		{DFA3893D-8ECA-40BF-8458-A112906F9934}.Debug|Any CPU.Build.0 = Debug|Any CPU
		{DFA3893D-8ECA-40BF-8458-A112906F9934}.Release|Any CPU.ActiveCfg = Release|Any CPU
		{DFA3893D-8ECA-40BF-8458-A112906F9934}.Release|Any CPU.Build.0 = Release|Any CPU
		{013839B2-C829-4F30-BD37-D2A26DB75EDA}.Debug|Any CPU.ActiveCfg = Debug|Any CPU
		{013839B2-C829-4F30-BD37-D2A26DB75EDA}.Debug|Any CPU.Build.0 = Debug|Any CPU
		{013839B2-C829-4F30-BD37-D2A26DB75EDA}.Release|Any CPU.ActiveCfg = Release|Any CPU
		{013839B2-C829-4F30-BD37-D2A26DB75EDA}.Release|Any CPU.Build.0 = Release|Any CPU
	EndGlobalSection
	GlobalSection(SolutionProperties) = preSolution
		HideSolutionNode = FALSE
	EndGlobalSection
	GlobalSection(ExtensibilityGlobals) = postSolution
		SolutionGuid = {A32AB983-5BBE-46E8-8C74-3A6952F0D1F2}
	EndGlobalSection
EndGlobal
